
Microsoft Visual Studio Solution File, Format Version 12.00
# Visual Studio Version 17
VisualStudioVersion = 17.9.34728.123
MinimumVisualStudioVersion = 10.0.40219.1
Project("{9A19103F-16F7-4668-BE54-9A1E7A4F7556}") = "Project_ClassLibrary", "Project_ClassLibrary\Project_ClassLibrary.csproj", "{F14BBEE8-93E1-49D4-ABC8-7EA79AAC529B}"
EndProject
Project("{FAE04EC0-301F-11D3-BF4B-00C04F79EFBC}") = "AutomobileWinApp", "AutomobileWinApp\AutomobileWinApp.csproj", "{067FFE82-4EC7-47F0-B867-DCFF5CFAA73B}"
EndProject
Global
	GlobalSection(SolutionConfigurationPlatforms) = preSolution
		Debug|Any CPU = Debug|Any CPU
		Release|Any CPU = Release|Any CPU
	EndGlobalSection
	GlobalSection(ProjectConfigurationPlatforms) = postSolution
		{F14BBEE8-93E1-49D4-ABC8-7EA79AAC529B}.Debug|Any CPU.ActiveCfg = Debug|Any CPU
		{F14BBEE8-93E1-49D4-ABC8-7EA79AAC529B}.Debug|Any CPU.Build.0 = Debug|Any CPU
		{F14BBEE8-93E1-49D4-ABC8-7EA79AAC529B}.Release|Any CPU.ActiveCfg = Release|Any CPU
		{F14BBEE8-93E1-49D4-ABC8-7EA79AAC529B}.Release|Any CPU.Build.0 = Release|Any CPU
		{067FFE82-4EC7-47F0-B867-DCFF5CFAA73B}.Debug|Any CPU.ActiveCfg = Debug|Any CPU
		{067FFE82-4EC7-47F0-B867-DCFF5CFAA73B}.Debug|Any CPU.Build.0 = Debug|Any CPU
		{067FFE82-4EC7-47F0-B867-DCFF5CFAA73B}.Release|Any CPU.ActiveCfg = Release|Any CPU
		{067FFE82-4EC7-47F0-B867-DCFF5CFAA73B}.Release|Any CPU.Build.0 = Release|Any CPU
	EndGlobalSection
	GlobalSection(SolutionProperties) = preSolution
		HideSolutionNode = FALSE
	EndGlobalSection
	GlobalSection(ExtensibilityGlobals) = postSolution
		SolutionGuid = {059D337F-B595-44BA-93E3-EF9B2E5E6B15}
	EndGlobalSection
EndGlobal
